// !$*UTF8*$!
{
	archiveVersion = 1;
	classes = {
	};
	objectVersion = 50;
	objects = {

/* Begin PBXBuildFile section */
		4E507CFE269ABFB600B48C72 /* LandmarksApp.swift in Sources */ = {isa = PBXBuildFile; fileRef = 4E507CFD269ABFB600B48C72 /* LandmarksApp.swift */; };
		4E507D00269ABFB600B48C72 /* ContentView.swift in Sources */ = {isa = PBXBuildFile; fileRef = 4E507CFF269ABFB600B48C72 /* ContentView.swift */; };
		4E507D02269ABFBA00B48C72 /* Assets.xcassets in Resources */ = {isa = PBXBuildFile; fileRef = 4E507D01269ABFBA00B48C72 /* Assets.xcassets */; };
		4E507D05269ABFBA00B48C72 /* Preview Assets.xcassets in Resources */ = {isa = PBXBuildFile; fileRef = 4E507D04269ABFBA00B48C72 /* Preview Assets.xcassets */; };
		4E507D0D269ACAB200B48C72 /* CircleImage.swift in Sources */ = {isa = PBXBuildFile; fileRef = 4E507D0C269ACAB200B48C72 /* CircleImage.swift */; };
		4E507D0F269ACBBA00B48C72 /* MapView.swift in Sources */ = {isa = PBXBuildFile; fileRef = 4E507D0E269ACBBA00B48C72 /* MapView.swift */; };
		4E507D12269B220600B48C72 /* landmarkData.json in Resources */ = {isa = PBXBuildFile; fileRef = 4E507D11269B220600B48C72 /* landmarkData.json */; };
		4E507D14269B224C00B48C72 /* Landmark.swift in Sources */ = {isa = PBXBuildFile; fileRef = 4E507D13269B224C00B48C72 /* Landmark.swift */; };
		4E507D18269B246900B48C72 /* ModelData.swift in Sources */ = {isa = PBXBuildFile; fileRef = 4E507D17269B246800B48C72 /* ModelData.swift */; };
		4E507D1D269B269800B48C72 /* LandmarkRow.swift in Sources */ = {isa = PBXBuildFile; fileRef = 4E507D1C269B269800B48C72 /* LandmarkRow.swift */; };
		4E507D1F269B2B3100B48C72 /* LandmarkList.swift in Sources */ = {isa = PBXBuildFile; fileRef = 4E507D1E269B2B3100B48C72 /* LandmarkList.swift */; };
		4E507D21269B2E5400B48C72 /* LandmarkDetail.swift in Sources */ = {isa = PBXBuildFile; fileRef = 4E507D20269B2E5400B48C72 /* LandmarkDetail.swift */; };
		4EA18D33269C6B6300A5B56B /* FavoriteButton.swift in Sources */ = {isa = PBXBuildFile; fileRef = 4EA18D32269C6B6300A5B56B /* FavoriteButton.swift */; };
		4EA18D37269CF9DB00A5B56B /* HexagonParameters.swift in Sources */ = {isa = PBXBuildFile; fileRef = 4EA18D36269CF9DB00A5B56B /* HexagonParameters.swift */; };
		4EA18D39269CFC1300A5B56B /* BadgeBackground.swift in Sources */ = {isa = PBXBuildFile; fileRef = 4EA18D38269CFC1300A5B56B /* BadgeBackground.swift */; };
		4EA18D3B269D010900A5B56B /* BadgeSymbol.swift in Sources */ = {isa = PBXBuildFile; fileRef = 4EA18D3A269D010900A5B56B /* BadgeSymbol.swift */; };
		4EA18D3D269D038100A5B56B /* RotatedBadgeSymbol.swift in Sources */ = {isa = PBXBuildFile; fileRef = 4EA18D3C269D038100A5B56B /* RotatedBadgeSymbol.swift */; };
		4EA18D3F269D044500A5B56B /* Badge.swift in Sources */ = {isa = PBXBuildFile; fileRef = 4EA18D3E269D044500A5B56B /* Badge.swift */; };
/* End PBXBuildFile section */

/* Begin PBXFileReference section */
		4E507CFA269ABFB600B48C72 /* Landmarks.app */ = {isa = PBXFileReference; explicitFileType = wrapper.application; includeInIndex = 0; path = Landmarks.app; sourceTree = BUILT_PRODUCTS_DIR; };
		4E507CFD269ABFB600B48C72 /* LandmarksApp.swift */ = {isa = PBXFileReference; lastKnownFileType = sourcecode.swift; path = LandmarksApp.swift; sourceTree = "<group>"; };
		4E507CFF269ABFB600B48C72 /* ContentView.swift */ = {isa = PBXFileReference; lastKnownFileType = sourcecode.swift; path = ContentView.swift; sourceTree = "<group>"; };
		4E507D01269ABFBA00B48C72 /* Assets.xcassets */ = {isa = PBXFileReference; lastKnownFileType = folder.assetcatalog; path = Assets.xcassets; sourceTree = "<group>"; };
		4E507D04269ABFBA00B48C72 /* Preview Assets.xcassets */ = {isa = PBXFileReference; lastKnownFileType = folder.assetcatalog; path = "Preview Assets.xcassets"; sourceTree = "<group>"; };
		4E507D06269ABFBA00B48C72 /* Info.plist */ = {isa = PBXFileReference; lastKnownFileType = text.plist.xml; path = Info.plist; sourceTree = "<group>"; };
		4E507D0C269ACAB200B48C72 /* CircleImage.swift */ = {isa = PBXFileReference; lastKnownFileType = sourcecode.swift; path = CircleImage.swift; sourceTree = "<group>"; };
		4E507D0E269ACBBA00B48C72 /* MapView.swift */ = {isa = PBXFileReference; lastKnownFileType = sourcecode.swift; path = MapView.swift; sourceTree = "<group>"; };
		4E507D11269B220600B48C72 /* landmarkData.json */ = {isa = PBXFileReference; fileEncoding = 4; lastKnownFileType = text.json; path = landmarkData.json; sourceTree = "<group>"; };
		4E507D13269B224C00B48C72 /* Landmark.swift */ = {isa = PBXFileReference; lastKnownFileType = sourcecode.swift; path = Landmark.swift; sourceTree = "<group>"; };
		4E507D17269B246800B48C72 /* ModelData.swift */ = {isa = PBXFileReference; lastKnownFileType = sourcecode.swift; path = ModelData.swift; sourceTree = "<group>"; };
		4E507D1C269B269800B48C72 /* LandmarkRow.swift */ = {isa = PBXFileReference; lastKnownFileType = sourcecode.swift; path = LandmarkRow.swift; sourceTree = "<group>"; };
		4E507D1E269B2B3100B48C72 /* LandmarkList.swift */ = {isa = PBXFileReference; lastKnownFileType = sourcecode.swift; path = LandmarkList.swift; sourceTree = "<group>"; };
		4E507D20269B2E5400B48C72 /* LandmarkDetail.swift */ = {isa = PBXFileReference; lastKnownFileType = sourcecode.swift; path = LandmarkDetail.swift; sourceTree = "<group>"; };
		4EA18D32269C6B6300A5B56B /* FavoriteButton.swift */ = {isa = PBXFileReference; lastKnownFileType = sourcecode.swift; path = FavoriteButton.swift; sourceTree = "<group>"; };
		4EA18D36269CF9DB00A5B56B /* HexagonParameters.swift */ = {isa = PBXFileReference; lastKnownFileType = sourcecode.swift; path = HexagonParameters.swift; sourceTree = "<group>"; };
		4EA18D38269CFC1300A5B56B /* BadgeBackground.swift */ = {isa = PBXFileReference; lastKnownFileType = sourcecode.swift; path = BadgeBackground.swift; sourceTree = "<group>"; };
		4EA18D3A269D010900A5B56B /* BadgeSymbol.swift */ = {isa = PBXFileReference; lastKnownFileType = sourcecode.swift; path = BadgeSymbol.swift; sourceTree = "<group>"; };
		4EA18D3C269D038100A5B56B /* RotatedBadgeSymbol.swift */ = {isa = PBXFileReference; lastKnownFileType = sourcecode.swift; path = RotatedBadgeSymbol.swift; sourceTree = "<group>"; };
		4EA18D3E269D044500A5B56B /* Badge.swift */ = {isa = PBXFileReference; lastKnownFileType = sourcecode.swift; path = Badge.swift; sourceTree = "<group>"; };
/* End PBXFileReference section */

/* Begin PBXFrameworksBuildPhase section */
		4E507CF7269ABFB600B48C72 /* Frameworks */ = {
			isa = PBXFrameworksBuildPhase;
			buildActionMask = 2147483647;
			files = (
			);
			runOnlyForDeploymentPostprocessing = 0;
		};
/* End PBXFrameworksBuildPhase section */

/* Begin PBXGroup section */
		4E507CF1269ABFB600B48C72 = {
			isa = PBXGroup;
			children = (
				4E507CFC269ABFB600B48C72 /* Landmarks */,
				4E507CFB269ABFB600B48C72 /* Products */,
			);
			sourceTree = "<group>";
		};
		4E507CFB269ABFB600B48C72 /* Products */ = {
			isa = PBXGroup;
			children = (
				4E507CFA269ABFB600B48C72 /* Landmarks.app */,
			);
			name = Products;
			sourceTree = "<group>";
		};
		4E507CFC269ABFB600B48C72 /* Landmarks */ = {
			isa = PBXGroup;
			children = (
				4E507D19269B263200B48C72 /* Resources */,
				4E507D16269B227000B48C72 /* Views */,
				4E507D15269B226400B48C72 /* Model */,
				4E507CFD269ABFB600B48C72 /* LandmarksApp.swift */,
				4E507D01269ABFBA00B48C72 /* Assets.xcassets */,
				4E507D06269ABFBA00B48C72 /* Info.plist */,
				4E507D03269ABFBA00B48C72 /* Preview Content */,
			);
			path = Landmarks;
			sourceTree = "<group>";
		};
		4E507D03269ABFBA00B48C72 /* Preview Content */ = {
			isa = PBXGroup;
			children = (
				4E507D04269ABFBA00B48C72 /* Preview Assets.xcassets */,
			);
			path = "Preview Content";
			sourceTree = "<group>";
		};
		4E507D15269B226400B48C72 /* Model */ = {
			isa = PBXGroup;
			children = (
				4E507D13269B224C00B48C72 /* Landmark.swift */,
				4E507D17269B246800B48C72 /* ModelData.swift */,
			);
			path = Model;
			sourceTree = "<group>";
		};
		4E507D16269B227000B48C72 /* Views */ = {
			isa = PBXGroup;
			children = (
				4E507CFF269ABFB600B48C72 /* ContentView.swift */,
				4EA18D40269D06CC00A5B56B /* Badges */,
				4EA18D35269C6CA800A5B56B /* Helpers */,
				4EA18D34269C6C8C00A5B56B /* Landmarks */,
			);
			path = Views;
			sourceTree = "<group>";
		};
		4E507D19269B263200B48C72 /* Resources */ = {
			isa = PBXGroup;
			children = (
				4E507D11269B220600B48C72 /* landmarkData.json */,
			);
			path = Resources;
			sourceTree = "<group>";
		};
		4EA18D34269C6C8C00A5B56B /* Landmarks */ = {
			isa = PBXGroup;
			children = (
				4E507D1E269B2B3100B48C72 /* LandmarkList.swift */,
				4E507D1C269B269800B48C72 /* LandmarkRow.swift */,
				4E507D20269B2E5400B48C72 /* LandmarkDetail.swift */,
			);
			path = Landmarks;
			sourceTree = "<group>";
		};
		4EA18D35269C6CA800A5B56B /* Helpers */ = {
			isa = PBXGroup;
			children = (
				4E507D0C269ACAB200B48C72 /* CircleImage.swift */,
				4E507D0E269ACBBA00B48C72 /* MapView.swift */,
				4EA18D32269C6B6300A5B56B /* FavoriteButton.swift */,
			);
			path = Helpers;
			sourceTree = "<group>";
		};
		4EA18D40269D06CC00A5B56B /* Badges */ = {
			isa = PBXGroup;
			children = (
				4EA18D3E269D044500A5B56B /* Badge.swift */,
				4EA18D3A269D010900A5B56B /* BadgeSymbol.swift */,
				4EA18D38269CFC1300A5B56B /* BadgeBackground.swift */,
				4EA18D3C269D038100A5B56B /* RotatedBadgeSymbol.swift */,
				4EA18D36269CF9DB00A5B56B /* HexagonParameters.swift */,
			);
			path = Badges;
			sourceTree = "<group>";
		};
/* End PBXGroup section */

/* Begin PBXNativeTarget section */
		4E507CF9269ABFB600B48C72 /* Landmarks */ = {
			isa = PBXNativeTarget;
			buildConfigurationList = 4E507D09269ABFBA00B48C72 /* Build configuration list for PBXNativeTarget "Landmarks" */;
			buildPhases = (
				4E507CF6269ABFB600B48C72 /* Sources */,
				4E507CF7269ABFB600B48C72 /* Frameworks */,
				4E507CF8269ABFB600B48C72 /* Resources */,
			);
			buildRules = (
			);
			dependencies = (
			);
			name = Landmarks;
			productName = Landmarks;
			productReference = 4E507CFA269ABFB600B48C72 /* Landmarks.app */;
			productType = "com.apple.product-type.application";
		};
/* End PBXNativeTarget section */

/* Begin PBXProject section */
		4E507CF2269ABFB600B48C72 /* Project object */ = {
			isa = PBXProject;
			attributes = {
				LastSwiftUpdateCheck = 1250;
				LastUpgradeCheck = 1250;
				TargetAttributes = {
					4E507CF9269ABFB600B48C72 = {
						CreatedOnToolsVersion = 12.5.1;
					};
				};
			};
			buildConfigurationList = 4E507CF5269ABFB600B48C72 /* Build configuration list for PBXProject "Landmarks" */;
			compatibilityVersion = "Xcode 9.3";
			developmentRegion = en;
			hasScannedForEncodings = 0;
			knownRegions = (
				en,
				Base,
			);
			mainGroup = 4E507CF1269ABFB600B48C72;
			productRefGroup = 4E507CFB269ABFB600B48C72 /* Products */;
			projectDirPath = "";
			projectRoot = "";
			targets = (
				4E507CF9269ABFB600B48C72 /* Landmarks */,
			);
		};
/* End PBXProject section */

/* Begin PBXResourcesBuildPhase section */
		4E507CF8269ABFB600B48C72 /* Resources */ = {
			isa = PBXResourcesBuildPhase;
			buildActionMask = 2147483647;
			files = (
				4E507D05269ABFBA00B48C72 /* Preview Assets.xcassets in Resources */,
				4E507D02269ABFBA00B48C72 /* Assets.xcassets in Resources */,
				4E507D12269B220600B48C72 /* landmarkData.json in Resources */,
			);
			runOnlyForDeploymentPostprocessing = 0;
		};
/* End PBXResourcesBuildPhase section */

/* Begin PBXSourcesBuildPhase section */
		4E507CF6269ABFB600B48C72 /* Sources */ = {
			isa = PBXSourcesBuildPhase;
			buildActionMask = 2147483647;
			files = (
				4E507D00269ABFB600B48C72 /* ContentView.swift in Sources */,
				4EA18D3F269D044500A5B56B /* Badge.swift in Sources */,
				4E507D0F269ACBBA00B48C72 /* MapView.swift in Sources */,
				4E507CFE269ABFB600B48C72 /* LandmarksApp.swift in Sources */,
				4EA18D33269C6B6300A5B56B /* FavoriteButton.swift in Sources */,
				4EA18D37269CF9DB00A5B56B /* HexagonParameters.swift in Sources */,
				4EA18D3D269D038100A5B56B /* RotatedBadgeSymbol.swift in Sources */,
				4EA18D3B269D010900A5B56B /* BadgeSymbol.swift in Sources */,
				4E507D1F269B2B3100B48C72 /* LandmarkList.swift in Sources */,
				4E507D21269B2E5400B48C72 /* LandmarkDetail.swift in Sources */,
				4EA18D39269CFC1300A5B56B /* BadgeBackground.swift in Sources */,
				4E507D0D269ACAB200B48C72 /* CircleImage.swift in Sources */,
				4E507D14269B224C00B48C72 /* Landmark.swift in Sources */,
				4E507D1D269B269800B48C72 /* LandmarkRow.swift in Sources */,
				4E507D18269B246900B48C72 /* ModelData.swift in Sources */,
			);
			runOnlyForDeploymentPostprocessing = 0;
		};
/* End PBXSourcesBuildPhase section */

/* Begin XCBuildConfiguration section */
		4E507D07269ABFBA00B48C72 /* Debug */ = {
			isa = XCBuildConfiguration;
			buildSettings = {
				ALWAYS_SEARCH_USER_PATHS = NO;
				CLANG_ANALYZER_NONNULL = YES;
				CLANG_ANALYZER_NUMBER_OBJECT_CONVERSION = YES_AGGRESSIVE;
				CLANG_CXX_LANGUAGE_STANDARD = "gnu++14";
				CLANG_CXX_LIBRARY = "libc++";
				CLANG_ENABLE_MODULES = YES;
				CLANG_ENABLE_OBJC_ARC = YES;
				CLANG_ENABLE_OBJC_WEAK = YES;
				CLANG_WARN_BLOCK_CAPTURE_AUTORELEASING = YES;
				CLANG_WARN_BOOL_CONVERSION = YES;
				CLANG_WARN_COMMA = YES;
				CLANG_WARN_CONSTANT_CONVERSION = YES;
				CLANG_WARN_DEPRECATED_OBJC_IMPLEMENTATIONS = YES;
				CLANG_WARN_DIRECT_OBJC_ISA_USAGE = YES_ERROR;
				CLANG_WARN_DOCUMENTATION_COMMENTS = YES;
				CLANG_WARN_EMPTY_BODY = YES;
				CLANG_WARN_ENUM_CONVERSION = YES;
				CLANG_WARN_INFINITE_RECURSION = YES;
				CLANG_WARN_INT_CONVERSION = YES;
				CLANG_WARN_NON_LITERAL_NULL_CONVERSION = YES;
				CLANG_WARN_OBJC_IMPLICIT_RETAIN_SELF = YES;
				CLANG_WARN_OBJC_LITERAL_CONVERSION = YES;
				CLANG_WARN_OBJC_ROOT_CLASS = YES_ERROR;
				CLANG_WARN_QUOTED_INCLUDE_IN_FRAMEWORK_HEADER = YES;
				CLANG_WARN_RANGE_LOOP_ANALYSIS = YES;
				CLANG_WARN_STRICT_PROTOTYPES = YES;
				CLANG_WARN_SUSPICIOUS_MOVE = YES;
				CLANG_WARN_UNGUARDED_AVAILABILITY = YES_AGGRESSIVE;
				CLANG_WARN_UNREACHABLE_CODE = YES;
				CLANG_WARN__DUPLICATE_METHOD_MATCH = YES;
				COPY_PHASE_STRIP = NO;
				DEBUG_INFORMATION_FORMAT = dwarf;
				ENABLE_STRICT_OBJC_MSGSEND = YES;
				ENABLE_TESTABILITY = YES;
				GCC_C_LANGUAGE_STANDARD = gnu11;
				GCC_DYNAMIC_NO_PIC = NO;
				GCC_NO_COMMON_BLOCKS = YES;
				GCC_OPTIMIZATION_LEVEL = 0;
				GCC_PREPROCESSOR_DEFINITIONS = (
					"DEBUG=1",
					"$(inherited)",
				);
				GCC_WARN_64_TO_32_BIT_CONVERSION = YES;
				GCC_WARN_ABOUT_RETURN_TYPE = YES_ERROR;
				GCC_WARN_UNDECLARED_SELECTOR = YES;
				GCC_WARN_UNINITIALIZED_AUTOS = YES_AGGRESSIVE;
				GCC_WARN_UNUSED_FUNCTION = YES;
				GCC_WARN_UNUSED_VARIABLE = YES;
				IPHONEOS_DEPLOYMENT_TARGET = 14.5;
				MTL_ENABLE_DEBUG_INFO = INCLUDE_SOURCE;
				MTL_FAST_MATH = YES;
				ONLY_ACTIVE_ARCH = YES;
				SDKROOT = iphoneos;
				SWIFT_ACTIVE_COMPILATION_CONDITIONS = DEBUG;
				SWIFT_OPTIMIZATION_LEVEL = "-Onone";
			};
			name = Debug;
		};
		4E507D08269ABFBA00B48C72 /* Release */ = {
			isa = XCBuildConfiguration;
			buildSettings = {
				ALWAYS_SEARCH_USER_PATHS = NO;
				CLANG_ANALYZER_NONNULL = YES;
				CLANG_ANALYZER_NUMBER_OBJECT_CONVERSION = YES_AGGRESSIVE;
				CLANG_CXX_LANGUAGE_STANDARD = "gnu++14";
				CLANG_CXX_LIBRARY = "libc++";
				CLANG_ENABLE_MODULES = YES;
				CLANG_ENABLE_OBJC_ARC = YES;
				CLANG_ENABLE_OBJC_WEAK = YES;
				CLANG_WARN_BLOCK_CAPTURE_AUTORELEASING = YES;
				CLANG_WARN_BOOL_CONVERSION = YES;
				CLANG_WARN_COMMA = YES;
				CLANG_WARN_CONSTANT_CONVERSION = YES;
				CLANG_WARN_DEPRECATED_OBJC_IMPLEMENTATIONS = YES;
				CLANG_WARN_DIRECT_OBJC_ISA_USAGE = YES_ERROR;
				CLANG_WARN_DOCUMENTATION_COMMENTS = YES;
				CLANG_WARN_EMPTY_BODY = YES;
				CLANG_WARN_ENUM_CONVERSION = YES;
				CLANG_WARN_INFINITE_RECURSION = YES;
				CLANG_WARN_INT_CONVERSION = YES;
				CLANG_WARN_NON_LITERAL_NULL_CONVERSION = YES;
				CLANG_WARN_OBJC_IMPLICIT_RETAIN_SELF = YES;
				CLANG_WARN_OBJC_LITERAL_CONVERSION = YES;
				CLANG_WARN_OBJC_ROOT_CLASS = YES_ERROR;
				CLANG_WARN_QUOTED_INCLUDE_IN_FRAMEWORK_HEADER = YES;
				CLANG_WARN_RANGE_LOOP_ANALYSIS = YES;
				CLANG_WARN_STRICT_PROTOTYPES = YES;
				CLANG_WARN_SUSPICIOUS_MOVE = YES;
				CLANG_WARN_UNGUARDED_AVAILABILITY = YES_AGGRESSIVE;
				CLANG_WARN_UNREACHABLE_CODE = YES;
				CLANG_WARN__DUPLICATE_METHOD_MATCH = YES;
				COPY_PHASE_STRIP = NO;
				DEBUG_INFORMATION_FORMAT = "dwarf-with-dsym";
				ENABLE_NS_ASSERTIONS = NO;
				ENABLE_STRICT_OBJC_MSGSEND = YES;
				GCC_C_LANGUAGE_STANDARD = gnu11;
				GCC_NO_COMMON_BLOCKS = YES;
				GCC_WARN_64_TO_32_BIT_CONVERSION = YES;
				GCC_WARN_ABOUT_RETURN_TYPE = YES_ERROR;
				GCC_WARN_UNDECLARED_SELECTOR = YES;
				GCC_WARN_UNINITIALIZED_AUTOS = YES_AGGRESSIVE;
				GCC_WARN_UNUSED_FUNCTION = YES;
				GCC_WARN_UNUSED_VARIABLE = YES;
				IPHONEOS_DEPLOYMENT_TARGET = 14.5;
				MTL_ENABLE_DEBUG_INFO = NO;
				MTL_FAST_MATH = YES;
				SDKROOT = iphoneos;
				SWIFT_COMPILATION_MODE = wholemodule;
				SWIFT_OPTIMIZATION_LEVEL = "-O";
				VALIDATE_PRODUCT = YES;
			};
			name = Release;
		};
		4E507D0A269ABFBA00B48C72 /* Debug */ = {
			isa = XCBuildConfiguration;
			buildSettings = {
				ASSETCATALOG_COMPILER_APPICON_NAME = AppIcon;
				ASSETCATALOG_COMPILER_GLOBAL_ACCENT_COLOR_NAME = AccentColor;
				CODE_SIGN_STYLE = Automatic;
				DEVELOPMENT_ASSET_PATHS = "\"Landmarks/Preview Content\"";
				ENABLE_PREVIEWS = YES;
				INFOPLIST_FILE = Landmarks/Info.plist;
				IPHONEOS_DEPLOYMENT_TARGET = 14.0;
				LD_RUNPATH_SEARCH_PATHS = (
					"$(inherited)",
					"@executable_path/Frameworks",
				);
				PRODUCT_BUNDLE_IDENTIFIER = kaleidot725.Landmarks;
				PRODUCT_NAME = "$(TARGET_NAME)";
				SWIFT_VERSION = 5.0;
				TARGETED_DEVICE_FAMILY = "1,2";
			};
			name = Debug;
		};
		4E507D0B269ABFBA00B48C72 /* Release */ = {
			isa = XCBuildConfiguration;
			buildSettings = {
				ASSETCATALOG_COMPILER_APPICON_NAME = AppIcon;
				ASSETCATALOG_COMPILER_GLOBAL_ACCENT_COLOR_NAME = AccentColor;
				CODE_SIGN_STYLE = Automatic;
				DEVELOPMENT_ASSET_PATHS = "\"Landmarks/Preview Content\"";
				ENABLE_PREVIEWS = YES;
				INFOPLIST_FILE = Landmarks/Info.plist;
				IPHONEOS_DEPLOYMENT_TARGET = 14.0;
				LD_RUNPATH_SEARCH_PATHS = (
					"$(inherited)",
					"@executable_path/Frameworks",
				);
				PRODUCT_BUNDLE_IDENTIFIER = kaleidot725.Landmarks;
				PRODUCT_NAME = "$(TARGET_NAME)";
				SWIFT_VERSION = 5.0;
				TARGETED_DEVICE_FAMILY = "1,2";
			};
			name = Release;
		};
/* End XCBuildConfiguration section */

/* Begin XCConfigurationList section */
		4E507CF5269ABFB600B48C72 /* Build configuration list for PBXProject "Landmarks" */ = {
			isa = XCConfigurationList;
			buildConfigurations = (
				4E507D07269ABFBA00B48C72 /* Debug */,
				4E507D08269ABFBA00B48C72 /* Release */,
			);
			defaultConfigurationIsVisible = 0;
			defaultConfigurationName = Release;
		};
		4E507D09269ABFBA00B48C72 /* Build configuration list for PBXNativeTarget "Landmarks" */ = {
			isa = XCConfigurationList;
			buildConfigurations = (
				4E507D0A269ABFBA00B48C72 /* Debug */,
				4E507D0B269ABFBA00B48C72 /* Release */,
			);
			defaultConfigurationIsVisible = 0;
			defaultConfigurationName = Release;
		};
/* End XCConfigurationList section */
	};
	rootObject = 4E507CF2269ABFB600B48C72 /* Project object */;
}
